{
  "nodes": {
    "nix-darwin": {
      "inputs": {
        "nixpkgs": [
          "nixpkgs"
        ]
      },
      "locked": {
        "lastModified": 1727003835,
        "narHash": "sha256-Cfllbt/ADfO8oxbT984MhPHR6FJBaglsr1SxtDGbpec=",
        "owner": "LnL7",
        "repo": "nix-darwin",
        "rev": "bd7d1e3912d40f799c5c0f7e5820ec950f1e0b3d",
        "type": "github"
      },
      "original": {
        "owner": "LnL7",
        "repo": "nix-darwin",
        "type": "github"
      }
    },
    "nixpkgs": {
      "locked": {
        "lastModified": 1727089097,
        "narHash": "sha256-ZMHMThPsthhUREwDebXw7GX45bJnBCVbfnH1g5iuSPc=",
        "owner": "NixOS",
        "repo": "nixpkgs",
        "rev": "568bfef547c14ca438c56a0bece08b8bb2b71a9c",
        "type": "github"
      },
      "original": {
        "owner": "NixOS",
        "ref": "nixpkgs-unstable",
        "repo": "nixpkgs",
        "type": "github"
      }
    },
    "root": {
      "inputs": {
        "nix-darwin": "nix-darwin",
        "nixpkgs": "nixpkgs"
      }
    }
  },
  "root": "root",
  "version": 7
}
